
Microsoft Visual Studio Solution File, Format Version 12.00
# Visual Studio Version 17
VisualStudioVersion = 17.6.33829.357
MinimumVisualStudioVersion = 10.0.40219.1
Project("{9A19103F-16F7-4668-BE54-9A1E7A4F7556}") = "BlogPessoal", "BlogPessoal.csproj", "{DF97718E-D933-4330-9233-F39E7EC02178}"
EndProject
Project("{FAE04EC0-301F-11D3-BF4B-00C04F79EFBC}") = "BlogPessoalTest", "..\BlogPessoalTest\BlogPessoalTest.csproj", "{93B6E4F9-4542-4888-97EA-86312E80B8B1}"
EndProject
Global
	GlobalSection(SolutionConfigurationPlatforms) = preSolution
		Debug|Any CPU = Debug|Any CPU
		Release|Any CPU = Release|Any CPU
	EndGlobalSection
	GlobalSection(ProjectConfigurationPlatforms) = postSolution
		{DF97718E-D933-4330-9233-F39E7EC02178}.Debug|Any CPU.ActiveCfg = Debug|Any CPU
		{DF97718E-D933-4330-9233-F39E7EC02178}.Debug|Any CPU.Build.0 = Debug|Any CPU
		{DF97718E-D933-4330-9233-F39E7EC02178}.Release|Any CPU.ActiveCfg = Release|Any CPU
		{DF97718E-D933-4330-9233-F39E7EC02178}.Release|Any CPU.Build.0 = Release|Any CPU
		{93B6E4F9-4542-4888-97EA-86312E80B8B1}.Debug|Any CPU.ActiveCfg = Debug|Any CPU
		{93B6E4F9-4542-4888-97EA-86312E80B8B1}.Debug|Any CPU.Build.0 = Debug|Any CPU
		{93B6E4F9-4542-4888-97EA-86312E80B8B1}.Release|Any CPU.ActiveCfg = Release|Any CPU
		{93B6E4F9-4542-4888-97EA-86312E80B8B1}.Release|Any CPU.Build.0 = Release|Any CPU
	EndGlobalSection
	GlobalSection(SolutionProperties) = preSolution
		HideSolutionNode = FALSE
	EndGlobalSection
	GlobalSection(ExtensibilityGlobals) = postSolution
		SolutionGuid = {C22EEAE2-56A5-436A-9981-D34640FC6322}
	EndGlobalSection
EndGlobal
